<?xml version="1.0" encoding="utf-8"?>
<Project ToolsVersion="4.0" xmlns="http://schemas.microsoft.com/developer/msbuild/2003">
  <ItemGroup>
    <Filter Include="Source Files">
      <UniqueIdentifier>{4FC737F1-C7A5-4376-A066-2A32D752A2FF}</UniqueIdentifier>
      <Extensions>cpp;c;cc;cxx;c++;cppm;ixx;def;odl;idl;hpj;bat;asm;asmx</Extensions>
    </Filter>
    <Filter Include="Header Files">
      <UniqueIdentifier>{93995380-89BD-4b04-88EB-625FBE52EBFB}</UniqueIdentifier>
      <Extensions>h;hh;hpp;hxx;h++;hm;inl;inc;ipp;xsd</Extensions>
    </Filter>
    <Filter Include="Resource Files">
      <UniqueIdentifier>{67DA6AB6-F800-4c08-8B7A-83BB121AAD01}</UniqueIdentifier>
      <Extensions>rc;ico;cur;bmp;dlg;rc2;rct;bin;rgs;gif;jpg;jpeg;jpe;resx;tiff;tif;png;wav;mfcribbon-ms</Extensions>
    </Filter>
    <Filter Include="Input">
      <UniqueIdentifier>{2c6c42a6-5dbb-4245-a46b-299de38f64b4}</UniqueIdentifier>
    </Filter>
    <Filter Include="Cameras">
      <UniqueIdentifier>{a8d37c85-81a1-421c-8cd0-332d7238784c}</UniqueIdentifier>
    </Filter>
  </ItemGroup>
  <ItemGroup>
    <ClInclude Include="src\mFPS\Game.h">
      <Filter>Header Files</Filter>
    </ClInclude>
    <ClInclude Include="src\mFPS\Cameras\CameraBase.h">
      <Filter>Cameras</Filter>
    </ClInclude>
    <ClInclude Include="src\mFPS\Cameras\FPSCamera.h">
      <Filter>Cameras</Filter>
    </ClInclude>
    <ClInclude Include="src\mFPS\Cameras\LookAtCamera.h">
      <Filter>Cameras</Filter>
    </ClInclude>
    <ClInclude Include="src\mFPS\World.h">
      <Filter>Header Files</Filter>
    </ClInclude>
    <ClInclude Include="src\mFPS\Input\InputDefinitions.h">
      <Filter>Input</Filter>
    </ClInclude>
    <ClInclude Include="src\mFPS\Input\InputManager.h">
      <Filter>Input</Filter>
    </ClInclude>
    <ClInclude Include="src\mFPS\Input\ActionManager.h">
      <Filter>Input</Filter>
    </ClInclude>
    <ClInclude Include="src\mFPS\Input\InputAction.h">
      <Filter>Input</Filter>
    </ClInclude>
  </ItemGroup>
  <ItemGroup>
    <ClCompile Include="src\mFPS\Game.cpp">
      <Filter>Source Files</Filter>
    </ClCompile>
    <ClCompile Include="src\mFPS\main.cpp">
      <Filter>Source Files</Filter>
    </ClCompile>
    <ClCompile Include="src\mFPS\World.cpp">
      <Filter>Source Files</Filter>
    </ClCompile>
    <ClCompile Include="src\mFPS\Cameras\CameraBase.cpp">
      <Filter>Cameras</Filter>
    </ClCompile>
    <ClCompile Include="src\mFPS\Cameras\FPSCamera.cpp">
      <Filter>Cameras</Filter>
    </ClCompile>
    <ClCompile Include="src\mFPS\Cameras\LookAtCamera.cpp">
      <Filter>Cameras</Filter>
    </ClCompile>
    <ClCompile Include="src\mFPS\Input\InputManager.cpp">
      <Filter>Input</Filter>
    </ClCompile>
    <ClCompile Include="src\mFPS\Input\ActionManager.cpp">
      <Filter>Input</Filter>
    </ClCompile>
    <ClCompile Include="src\mFPS\Input\InputAction.cpp">
      <Filter>Input</Filter>
    </ClCompile>
  </ItemGroup>
</Project>